{
  "version": 4,
  "terraform_version": "0.12.26",
  "serial": 1613,
  "lineage": "1085f38b-9e73-1f8a-dd7b-533d62a3fca0",
  "outputs": {
    "ansiblehost": {
      "value": "[apache]\nec2-3-249-108-203.eu-west-1.compute.amazonaws.com\n\n[wordpress]\nec2-3-249-108-203.eu-west-1.compute.amazonaws.com\n",
      "type": "string"
    },
    "loadbalancer": {
      "value": "---\n# WORDPRESS\nloadbalancer: mademoizelle-elb-tf-1551130469.eu-west-1.elb.amazonaws.com\n",
      "type": "string"
    }
  },
  "resources": [
    {
      "mode": "data",
      "type": "aws_canonical_user_id",
      "name": "current_user",
      "provider": "provider.aws",
      "instances": [
        {
          "schema_version": 0,
          "attributes": {
            "display_name": "zlonok",
            "id": "cb82a963afa81167466d45a588570f8659d32dc42bccd36dba523280a2799bf4"
          }
        }
      ]
    },
    {
      "mode": "data",
      "type": "aws_elb_service_account",
      "name": "main",
      "provider": "provider.aws",
      "instances": [
        {
          "schema_version": 0,
          "attributes": {
            "arn": "arn:aws:iam::156460612806:root",
            "id": "156460612806",
            "region": null
          }
        }
      ]
    },
    {
      "mode": "managed",
      "type": "aws_cloudfront_distribution",
      "name": "test",
      "provider": "provider.aws",
      "instances": [
        {
          "schema_version": 1,
          "attributes": {
            "active_trusted_signers": {
              "enabled": "false",
              "items.#": "0"
            },
            "aliases": null,
            "arn": "arn:aws:cloudfront::351524542746:distribution/E2B0B88SJ1BF6K",
            "cache_behavior": [],
            "caller_reference": "terraform-20200719160406410300000002",
            "comment": null,
            "custom_error_response": [],
            "default_cache_behavior": [
              {
                "allowed_methods": [
                  "DELETE",
                  "GET",
                  "HEAD",
                  "OPTIONS",
                  "PATCH",
                  "POST",
                  "PUT"
                ],
                "cached_methods": [
                  "GET",
                  "HEAD"
                ],
                "compress": false,
                "default_ttl": 3600,
                "field_level_encryption_id": "",
                "forwarded_values": [
                  {
                    "cookies": [
                      {
                        "forward": "none",
                        "whitelisted_names": null
                      }
                    ],
                    "headers": null,
                    "query_string": false,
                    "query_string_cache_keys": null
                  }
                ],
                "lambda_function_association": [],
                "max_ttl": 86400,
                "min_ttl": 0,
                "smooth_streaming": false,
                "target_origin_id": "bmybucket",
                "trusted_signers": null,
                "viewer_protocol_policy": "allow-all"
              }
            ],
            "default_root_object": "",
            "domain_name": "d3p3wyt7z3m01.cloudfront.net",
            "enabled": true,
            "etag": "E1ZMMJDGN13QOE",
            "hosted_zone_id": "Z2FDTNDATAQYW2",
            "http_version": "http2",
            "id": "E2B0B88SJ1BF6K",
            "in_progress_validation_batches": 0,
            "is_ipv6_enabled": false,
            "last_modified_time": "2020-07-19 16:04:07.247 +0000 UTC",
            "logging_config": [],
            "ordered_cache_behavior": [],
            "origin": [
              {
                "custom_header": [],
                "custom_origin_config": [],
                "domain_name": "bmybucket.s3.eu-west-1.amazonaws.com",
                "origin_id": "bmybucket",
                "origin_path": "",
                "s3_origin_config": []
              }
            ],
            "origin_group": [],
            "price_class": "PriceClass_All",
            "restrictions": [
              {
                "geo_restriction": [
                  {
                    "locations": null,
                    "restriction_type": "none"
                  }
                ]
              }
            ],
            "retain_on_delete": false,
            "status": "Deployed",
            "tags": null,
            "viewer_certificate": [
              {
                "acm_certificate_arn": "",
                "cloudfront_default_certificate": true,
                "iam_certificate_id": "",
                "minimum_protocol_version": "TLSv1",
                "ssl_support_method": ""
              }
            ],
            "wait_for_deployment": true,
            "web_acl_id": ""
          },
          "private": "eyJzY2hlbWFfdmVyc2lvbiI6IjEifQ==",
          "dependencies": [
            "aws_s3_bucket.bmybucket"
          ]
        }
      ]
    },
    {
      "mode": "managed",
      "type": "aws_db_instance",
      "name": "mademoizelleDB",
      "provider": "provider.aws",
      "instances": [
        {
          "schema_version": 1,
          "attributes": {
            "address": "terraform-20200719160409413200000003.cxyet5ylt4wo.eu-west-1.rds.amazonaws.com",
            "allocated_storage": 20,
            "allow_major_version_upgrade": null,
            "apply_immediately": null,
            "arn": "arn:aws:rds:eu-west-1:351524542746:db:terraform-20200719160409413200000003",
            "auto_minor_version_upgrade": true,
            "availability_zone": "eu-west-1b",
            "backup_retention_period": 30,
            "backup_window": "23:00-23:55",
            "ca_cert_identifier": "rds-ca-2019",
            "character_set_name": null,
            "copy_tags_to_snapshot": false,
            "db_subnet_group_name": "main",
            "delete_automated_backups": true,
            "deletion_protection": false,
            "domain": "",
            "domain_iam_role_name": "",
            "enabled_cloudwatch_logs_exports": null,
            "endpoint": "terraform-20200719160409413200000003.cxyet5ylt4wo.eu-west-1.rds.amazonaws.com:3306",
            "engine": "mysql",
            "engine_version": "5.7.26",
            "final_snapshot_identifier": "madfinalsnapshhot",
            "hosted_zone_id": "Z29XKXDKYMONMX",
            "iam_database_authentication_enabled": false,
            "id": "terraform-20200719160409413200000003",
            "identifier": "terraform-20200719160409413200000003",
            "identifier_prefix": null,
            "instance_class": "db.t2.micro",
            "iops": 0,
            "kms_key_id": "",
            "license_model": "general-public-license",
            "maintenance_window": "sun:00:00-sun:03:00",
            "max_allocated_storage": 0,
            "monitoring_interval": 0,
            "monitoring_role_arn": "",
            "multi_az": false,
            "name": "mydb",
            "option_group_name": "default:mysql-5-7",
            "parameter_group_name": "default.mysql5.7",
            "password": "+QAY2wsx3edc",
            "performance_insights_enabled": false,
            "performance_insights_kms_key_id": "",
            "performance_insights_retention_period": 0,
            "port": 3306,
            "publicly_accessible": false,
            "replicas": [],
            "replicate_source_db": "",
            "resource_id": "db-X2EG735HFA6SKOFWDESTBQZXQU",
            "s3_import": [],
            "security_group_names": null,
            "skip_final_snapshot": false,
            "snapshot_identifier": null,
            "status": "available",
            "storage_encrypted": false,
            "storage_type": "gp2",
            "tags": null,
            "timeouts": null,
            "timezone": "",
            "username": "madadmin",
            "vpc_security_group_ids": [
              "sg-0eb9309116e921a23"
            ]
          },
          "private": "eyJlMmJmYjczMC1lY2FhLTExZTYtOGY4OC0zNDM2M2JjN2M0YzAiOnsiY3JlYXRlIjoyNDAwMDAwMDAwMDAwLCJkZWxldGUiOjI0MDAwMDAwMDAwMDAsInVwZGF0ZSI6NDgwMDAwMDAwMDAwMH0sInNjaGVtYV92ZXJzaW9uIjoiMSJ9",
          "dependencies": [
            "aws_db_subnet_group.default",
            "aws_security_group.sg_rds",
            "aws_subnet.private_subnet_b",
            "aws_subnet.private_subnet_c",
            "aws_subnet.private_subnet_d",
            "aws_vpc.main"
          ]
        }
      ]
    },
    {
      "mode": "managed",
      "type": "aws_db_snapshot",
      "name": "madsnap",
      "provider": "provider.aws",
      "instances": [
        {
          "schema_version": 0,
          "attributes": {
            "allocated_storage": 20,
            "availability_zone": "eu-west-1b",
            "db_instance_identifier": "terraform-20200719160409413200000003",
            "db_snapshot_arn": "arn:aws:rds:eu-west-1:351524542746:snapshot:madsnapshot0001",
            "db_snapshot_identifier": "madsnapshot0001",
            "encrypted": false,
            "engine": "mysql",
            "engine_version": "5.7.26",
            "id": "madsnapshot0001",
            "iops": 0,
            "kms_key_id": "",
            "license_model": "general-public-license",
            "option_group_name": "default:mysql-5-7",
            "port": 3306,
            "snapshot_type": "manual",
            "source_db_snapshot_identifier": "",
            "source_region": "",
            "status": "available",
            "storage_type": null,
            "tags": null,
            "timeouts": null,
            "vpc_id": "vpc-0bbba37dc98615eb2"
          },
          "private": "eyJlMmJmYjczMC1lY2FhLTExZTYtOGY4OC0zNDM2M2JjN2M0YzAiOnsicmVhZCI6MTIwMDAwMDAwMDAwMH19",
          "dependencies": [
            "aws_db_instance.mademoizelleDB",
            "aws_db_subnet_group.default",
            "aws_security_group.sg_rds",
            "aws_subnet.private_subnet_b",
            "aws_subnet.private_subnet_c",
            "aws_subnet.private_subnet_d",
            "aws_vpc.main"
          ]
        }
      ]
    },
    {
      "mode": "managed",
      "type": "aws_db_subnet_group",
      "name": "default",
      "provider": "provider.aws",
      "instances": [
        {
          "schema_version": 0,
          "attributes": {
            "arn": "arn:aws:rds:eu-west-1:351524542746:subgrp:main",
            "description": "Managed by Terraform",
            "id": "main",
            "name": "main",
            "name_prefix": null,
            "subnet_ids": [
              "subnet-02190e35e3726b0b2",
              "subnet-0ee5c916bbda194c4"
            ],
            "tags": {
              "Name": "My DB subnet group"
            }
          },
          "private": "bnVsbA==",
          "dependencies": [
            "aws_subnet.private_subnet_b",
            "aws_subnet.private_subnet_c",
            "aws_vpc.main"
          ]
        }
      ]
    },
    {
      "mode": "managed",
      "type": "aws_eip",
      "name": "mademoiselle",
      "provider": "provider.aws",
      "instances": [
        {
          "schema_version": 0,
          "attributes": {
            "allocation_id": null,
            "associate_with_private_ip": "10.0.0.12",
            "association_id": "",
            "customer_owned_ip": "",
            "customer_owned_ipv4_pool": "",
            "domain": "vpc",
            "id": "eipalloc-0b00844ad9aae720b",
            "instance": "",
            "network_interface": "",
            "private_dns": null,
            "private_ip": "",
            "public_dns": "ec2-52-208-165-125.eu-west-1.compute.amazonaws.com",
            "public_ip": "52.208.165.125",
            "public_ipv4_pool": "amazon",
            "tags": null,
            "timeouts": null,
            "vpc": true
          },
          "private": "eyJlMmJmYjczMC1lY2FhLTExZTYtOGY4OC0zNDM2M2JjN2M0YzAiOnsiZGVsZXRlIjoxODAwMDAwMDAwMDAsInJlYWQiOjkwMDAwMDAwMDAwMCwidXBkYXRlIjozMDAwMDAwMDAwMDB9fQ==",
          "dependencies": [
            "aws_internet_gateway.gw",
            "aws_vpc.main"
          ]
        }
      ]
    },
    {
      "mode": "managed",
      "type": "aws_elasticache_cluster",
      "name": "mademoizelle",
      "provider": "provider.aws",
      "instances": [
        {
          "schema_version": 0,
          "attributes": {
            "apply_immediately": null,
            "arn": "arn:aws:elasticache:eu-west-1:351524542746:cluster:cluster-mademoizelle",
            "availability_zone": "eu-west-1b",
            "availability_zones": null,
            "az_mode": "single-az",
            "cache_nodes": [
              {
                "address": "cluster-mademoizelle.673wh2.0001.euw1.cache.amazonaws.com",
                "availability_zone": "eu-west-1b",
                "id": "0001",
                "port": 11211
              }
            ],
            "cluster_address": "cluster-mademoizelle.673wh2.cfg.euw1.cache.amazonaws.com",
            "cluster_id": "cluster-mademoizelle",
            "configuration_endpoint": "cluster-mademoizelle.673wh2.cfg.euw1.cache.amazonaws.com:11211",
            "engine": "memcached",
            "engine_version": "1.5.16",
            "id": "cluster-mademoizelle",
            "maintenance_window": "sun:03:30-sun:04:30",
            "node_type": "cache.m4.large",
            "notification_topic_arn": null,
            "num_cache_nodes": 1,
            "parameter_group_name": "default.memcached1.5",
            "port": 11211,
            "preferred_availability_zones": null,
            "replication_group_id": null,
            "security_group_ids": [
              "sg-01a5a4d3f5e0ebb1a"
            ],
            "security_group_names": [],
            "snapshot_arns": null,
            "snapshot_name": null,
            "snapshot_retention_limit": 0,
            "snapshot_window": "",
            "subnet_group_name": "cache-subnet",
            "tags": null
          },
          "private": "bnVsbA==",
          "dependencies": [
            "aws_elasticache_subnet_group.mademoizelle",
            "aws_security_group.memcached",
            "aws_subnet.private_subnet_b",
            "aws_subnet.private_subnet_c",
            "aws_vpc.main"
          ]
        }
      ]
    },
    {
      "mode": "managed",
      "type": "aws_elasticache_subnet_group",
      "name": "mademoizelle",
      "provider": "provider.aws",
      "instances": [
        {
          "schema_version": 0,
          "attributes": {
            "description": "Managed by Terraform",
            "id": "cache-subnet",
            "name": "cache-subnet",
            "subnet_ids": [
              "subnet-02190e35e3726b0b2",
              "subnet-0ee5c916bbda194c4"
            ]
          },
          "private": "bnVsbA==",
          "dependencies": [
            "aws_subnet.private_subnet_b",
            "aws_subnet.private_subnet_c",
            "aws_vpc.main"
          ]
        }
      ]
    },
    {
      "mode": "managed",
      "type": "aws_elb",
      "name": "mademoizelle",
      "provider": "provider.aws",
      "instances": [
        {
          "schema_version": 0,
          "attributes": {
            "access_logs": [
              {
                "bucket": "mademoizelle-bucket",
                "bucket_prefix": "",
                "enabled": true,
                "interval": 60
              }
            ],
            "arn": "arn:aws:elasticloadbalancing:eu-west-1:351524542746:loadbalancer/mademoizelle-elb-tf",
            "availability_zones": [
              "eu-west-1c"
            ],
            "connection_draining": true,
            "connection_draining_timeout": 400,
            "cross_zone_load_balancing": true,
            "dns_name": "mademoizelle-elb-tf-1551130469.eu-west-1.elb.amazonaws.com",
            "health_check": [
              {
                "healthy_threshold": 10,
                "interval": 30,
                "target": "TCP:80",
                "timeout": 5,
                "unhealthy_threshold": 2
              }
            ],
            "id": "mademoizelle-elb-tf",
            "idle_timeout": 400,
            "instances": [
              "i-01ddd56517e2f897d"
            ],
            "internal": false,
            "listener": [
              {
                "instance_port": 80,
                "instance_protocol": "http",
                "lb_port": 80,
                "lb_protocol": "http",
                "ssl_certificate_id": ""
              }
            ],
            "name": "mademoizelle-elb-tf",
            "name_prefix": null,
            "security_groups": [
              "sg-03883775fdb72b962"
            ],
            "source_security_group": "351524542746/sg_elb",
            "source_security_group_id": "sg-03883775fdb72b962",
            "subnets": [
              "subnet-0ebcdcfa65b47e8b6"
            ],
            "tags": {
              "Environment": "production"
            },
            "zone_id": "Z32O12XQLNTSW2"
          },
          "private": "bnVsbA==",
          "dependencies": [
            "aws_instance.wordpress1",
            "aws_s3_bucket.mademoizelle",
            "aws_security_group.memcached",
            "aws_security_group.sg_elb",
            "aws_security_group.sg_ssh",
            "aws_security_group.wordpress",
            "aws_subnet.private_subnet_d",
            "aws_vpc.main"
          ]
        }
      ]
    },
    {
      "mode": "managed",
      "type": "aws_instance",
      "name": "wordpress1",
      "provider": "provider.aws",
      "instances": [
        {
          "schema_version": 1,
          "attributes": {
            "ami": "ami-089cc16f7f08c4457",
            "arn": "arn:aws:ec2:eu-west-1:351524542746:instance/i-01ddd56517e2f897d",
            "associate_public_ip_address": true,
            "availability_zone": "eu-west-1c",
            "cpu_core_count": 2,
            "cpu_threads_per_core": 1,
            "credit_specification": [
              {
                "cpu_credits": "standard"
              }
            ],
            "disable_api_termination": false,
            "ebs_block_device": [],
            "ebs_optimized": false,
            "ephemeral_block_device": [],
            "get_password_data": false,
            "hibernation": false,
            "host_id": null,
            "iam_instance_profile": "",
            "id": "i-01ddd56517e2f897d",
            "instance_initiated_shutdown_behavior": null,
            "instance_state": "running",
            "instance_type": "t2.medium",
            "ipv6_address_count": 0,
            "ipv6_addresses": [],
            "key_name": "deployer-key",
            "metadata_options": [
              {
                "http_endpoint": "enabled",
                "http_put_response_hop_limit": 1,
                "http_tokens": "optional"
              }
            ],
            "monitoring": false,
            "network_interface": [],
            "network_interface_id": null,
            "outpost_arn": "",
            "password_data": "",
            "placement_group": "",
            "primary_network_interface_id": "eni-03c3485a8cd760c67",
            "private_dns": "ip-10-0-104-93.eu-west-1.compute.internal",
            "private_ip": "10.0.104.93",
            "public_dns": "ec2-3-249-108-203.eu-west-1.compute.amazonaws.com",
            "public_ip": "3.249.108.203",
            "root_block_device": [
              {
                "delete_on_termination": true,
                "device_name": "/dev/sda1",
                "encrypted": false,
                "iops": 100,
                "kms_key_id": "",
                "volume_id": "vol-0baa2a88bd5d8d2a2",
                "volume_size": 8,
                "volume_type": "gp2"
              }
            ],
            "security_groups": [],
            "source_dest_check": false,
            "subnet_id": "subnet-0ebcdcfa65b47e8b6",
            "tags": null,
            "tenancy": "default",
            "timeouts": null,
            "user_data": null,
            "user_data_base64": null,
            "volume_tags": {},
            "vpc_security_group_ids": [
              "sg-01a5a4d3f5e0ebb1a",
              "sg-03f4669899633428d",
              "sg-09cc5c9864702ffb9"
            ]
          },
          "private": "eyJlMmJmYjczMC1lY2FhLTExZTYtOGY4OC0zNDM2M2JjN2M0YzAiOnsiY3JlYXRlIjo2MDAwMDAwMDAwMDAsImRlbGV0ZSI6MTIwMDAwMDAwMDAwMCwidXBkYXRlIjo2MDAwMDAwMDAwMDB9LCJzY2hlbWFfdmVyc2lvbiI6IjEifQ==",
          "dependencies": [
            "aws_security_group.memcached",
            "aws_security_group.sg_ssh",
            "aws_security_group.wordpress",
            "aws_subnet.private_subnet_d",
            "aws_vpc.main"
          ]
        }
      ]
    },
    {
      "mode": "managed",
      "type": "aws_internet_gateway",
      "name": "gw",
      "provider": "provider.aws",
      "instances": [
        {
          "schema_version": 0,
          "attributes": {
            "arn": "arn:aws:ec2:eu-west-1:351524542746:internet-gateway/igw-0b893d66219bcf5a1",
            "id": "igw-0b893d66219bcf5a1",
            "owner_id": "351524542746",
            "tags": {
              "Name": "main"
            },
            "vpc_id": "vpc-0bbba37dc98615eb2"
          },
          "private": "bnVsbA==",
          "dependencies": [
            "aws_vpc.main"
          ]
        }
      ]
    },
    {
      "mode": "managed",
      "type": "aws_key_pair",
      "name": "deployer",
      "provider": "provider.aws",
      "instances": [
        {
          "schema_version": 1,
          "attributes": {
            "arn": "arn:aws:ec2:eu-west-1:351524542746:key-pair/deployer-key",
            "fingerprint": "3a:73:cc:70:e7:b1:0c:1c:e0:ed:7a:55:7f:7d:92:0d",
            "id": "deployer-key",
            "key_name": "deployer-key",
            "key_name_prefix": null,
            "key_pair_id": "key-0db982cb86b440474",
            "public_key": "ssh-rsa AAAAB3NzaC1yc2EAAAADAQABAAABAQDPNt8GhXREiOHlSxVAd7zB8ji6ny150s+LsUZ6eehp2bqz470IY4IkvTzL6JUJDHNONbPs3TfIywSSzfONVp+AcnukYu+9Vt/URnhOavfciUM00nyg5iSiGyi2ZzG6McNgK0PCFAxW19fglj2Eh1vXkDk8SDQybKdIzGVBkpyvxYFCuJCt17QEcqKhwR1yJa4T8qWjjCye16KpQsyzxREG/TH2nufW4VqzITtEQb5lzgdHS/35vPQUSApaC0y0qidfjlTiIyNBhxjTUqFFRLJB/VYFILMsyT8zJsesKDfoxclXdTl1Wu7kcHHn6NHFgp8S2g51N9iy4XU10X0Jnn/l vagrant@vagrant",
            "tags": null
          },
          "private": "eyJzY2hlbWFfdmVyc2lvbiI6IjEifQ=="
        }
      ]
    },
    {
      "mode": "managed",
      "type": "aws_nat_gateway",
      "name": "gw",
      "provider": "provider.aws",
      "instances": [
        {
          "schema_version": 0,
          "attributes": {
            "allocation_id": "eipalloc-0b00844ad9aae720b",
            "id": "nat-0f00bdd4edd98cc4c",
            "network_interface_id": "eni-020d3c23751832a75",
            "private_ip": "10.0.104.169",
            "public_ip": "52.208.165.125",
            "subnet_id": "subnet-0ebcdcfa65b47e8b6",
            "tags": null
          },
          "private": "bnVsbA==",
          "dependencies": [
            "aws_eip.mademoiselle",
            "aws_internet_gateway.gw",
            "aws_subnet.private_subnet_d",
            "aws_vpc.main"
          ]
        }
      ]
    },
    {
      "mode": "managed",
      "type": "aws_route",
      "name": "wan_access",
      "provider": "provider.aws",
      "instances": [
        {
          "schema_version": 0,
          "attributes": {
            "destination_cidr_block": "0.0.0.0/0",
            "destination_ipv6_cidr_block": null,
            "destination_prefix_list_id": "",
            "egress_only_gateway_id": "",
            "gateway_id": "igw-0b893d66219bcf5a1",
            "id": "r-rtb-0ff0d52251376adab1080289494",
            "instance_id": "",
            "instance_owner_id": "",
            "nat_gateway_id": "",
            "network_interface_id": "",
            "origin": "CreateRoute",
            "route_table_id": "rtb-0ff0d52251376adab",
            "state": "active",
            "timeouts": null,
            "transit_gateway_id": "",
            "vpc_peering_connection_id": ""
          },
          "private": "eyJlMmJmYjczMC1lY2FhLTExZTYtOGY4OC0zNDM2M2JjN2M0YzAiOnsiY3JlYXRlIjoxMjAwMDAwMDAwMDAsImRlbGV0ZSI6MzAwMDAwMDAwMDAwfX0=",
          "dependencies": [
            "aws_internet_gateway.gw",
            "aws_vpc.main"
          ]
        }
      ]
    },
    {
      "mode": "managed",
      "type": "aws_route53_record",
      "name": "database",
      "provider": "provider.aws",
      "instances": [
        {
          "schema_version": 2,
          "attributes": {
            "alias": [],
            "allow_overwrite": null,
            "failover_routing_policy": [],
            "fqdn": "database.mademoizelle.ch",
            "geolocation_routing_policy": [],
            "health_check_id": null,
            "id": "Z0540993BINVAJU87W0P_database.mademoizelle.ch_CNAME",
            "latency_routing_policy": [],
            "multivalue_answer_routing_policy": null,
            "name": "database.mademoizelle.ch",
            "records": [
              "terraform-20200719160409413200000003.cxyet5ylt4wo.eu-west-1.rds.amazonaws.com"
            ],
            "set_identifier": null,
            "ttl": 300,
            "type": "CNAME",
            "weighted_routing_policy": [],
            "zone_id": "Z0540993BINVAJU87W0P"
          },
          "private": "eyJzY2hlbWFfdmVyc2lvbiI6IjIifQ==",
          "dependencies": [
            "aws_db_instance.mademoizelleDB",
            "aws_db_subnet_group.default",
            "aws_route53_zone.private",
            "aws_security_group.sg_rds",
            "aws_subnet.private_subnet_b",
            "aws_subnet.private_subnet_c",
            "aws_subnet.private_subnet_d",
            "aws_vpc.main"
          ]
        }
      ]
    },
    {
      "mode": "managed",
      "type": "aws_route53_record",
      "name": "memcached",
      "provider": "provider.aws",
      "instances": [
        {
          "schema_version": 2,
          "attributes": {
            "alias": [],
            "allow_overwrite": null,
            "failover_routing_policy": [],
            "fqdn": "memcached.mademoizelle.ch",
            "geolocation_routing_policy": [],
            "health_check_id": null,
            "id": "Z0540993BINVAJU87W0P_memcached.mademoizelle.ch_CNAME",
            "latency_routing_policy": [],
            "multivalue_answer_routing_policy": null,
            "name": "memcached.mademoizelle.ch",
            "records": [
              "cluster-mademoizelle.673wh2.cfg.euw1.cache.amazonaws.com"
            ],
            "set_identifier": null,
            "ttl": 300,
            "type": "CNAME",
            "weighted_routing_policy": [],
            "zone_id": "Z0540993BINVAJU87W0P"
          },
          "private": "eyJzY2hlbWFfdmVyc2lvbiI6IjIifQ==",
          "dependencies": [
            "aws_elasticache_cluster.mademoizelle",
            "aws_elasticache_subnet_group.mademoizelle",
            "aws_route53_zone.private",
            "aws_security_group.memcached",
            "aws_subnet.private_subnet_b",
            "aws_subnet.private_subnet_c",
            "aws_vpc.main"
          ]
        }
      ]
    },
    {
      "mode": "managed",
      "type": "aws_route53_record",
      "name": "wordpress1",
      "provider": "provider.aws",
      "instances": [
        {
          "schema_version": 2,
          "attributes": {
            "alias": [],
            "allow_overwrite": null,
            "failover_routing_policy": [],
            "fqdn": "wordpress1.mademoizelle.ch",
            "geolocation_routing_policy": [],
            "health_check_id": null,
            "id": "Z0540993BINVAJU87W0P_wordpress1.mademoizelle.ch_A",
            "latency_routing_policy": [],
            "multivalue_answer_routing_policy": null,
            "name": "wordpress1.mademoizelle.ch",
            "records": [
              "10.0.104.93"
            ],
            "set_identifier": null,
            "ttl": 300,
            "type": "A",
            "weighted_routing_policy": [],
            "zone_id": "Z0540993BINVAJU87W0P"
          },
          "private": "eyJzY2hlbWFfdmVyc2lvbiI6IjIifQ==",
          "dependencies": [
            "aws_instance.wordpress1",
            "aws_route53_zone.private",
            "aws_security_group.memcached",
            "aws_security_group.sg_ssh",
            "aws_security_group.wordpress",
            "aws_subnet.private_subnet_d",
            "aws_vpc.main"
          ]
        }
      ]
    },
    {
      "mode": "managed",
      "type": "aws_route53_record",
      "name": "www",
      "provider": "provider.aws",
      "instances": [
        {
          "schema_version": 2,
          "attributes": {
            "alias": [
              {
                "evaluate_target_health": true,
                "name": "mademoizelle-elb-tf-1551130469.eu-west-1.elb.amazonaws.com",
                "zone_id": "Z32O12XQLNTSW2"
              }
            ],
            "allow_overwrite": null,
            "failover_routing_policy": [],
            "fqdn": "www.mademozeille.ch.mademoizelle.ch",
            "geolocation_routing_policy": [],
            "health_check_id": null,
            "id": "Z0540993BINVAJU87W0P_www.mademozeille.ch_A",
            "latency_routing_policy": [],
            "multivalue_answer_routing_policy": null,
            "name": "www.mademozeille.ch",
            "records": null,
            "set_identifier": null,
            "ttl": null,
            "type": "A",
            "weighted_routing_policy": [],
            "zone_id": "Z0540993BINVAJU87W0P"
          },
          "private": "eyJzY2hlbWFfdmVyc2lvbiI6IjIifQ==",
          "dependencies": [
            "aws_elb.mademoizelle",
            "aws_instance.wordpress1",
            "aws_route53_zone.private",
            "aws_s3_bucket.mademoizelle",
            "aws_security_group.memcached",
            "aws_security_group.sg_elb",
            "aws_security_group.sg_ssh",
            "aws_security_group.wordpress",
            "aws_subnet.private_subnet_d",
            "aws_vpc.main"
          ]
        }
      ]
    },
    {
      "mode": "managed",
      "type": "aws_route53_zone",
      "name": "private",
      "provider": "provider.aws",
      "instances": [
        {
          "schema_version": 0,
          "attributes": {
            "comment": "Managed by Terraform",
            "delegation_set_id": "",
            "force_destroy": false,
            "id": "Z0540993BINVAJU87W0P",
            "name": "mademoizelle.ch.",
            "name_servers": [
              "ns-0.awsdns-00.com.",
              "ns-1024.awsdns-00.org.",
              "ns-1536.awsdns-00.co.uk.",
              "ns-512.awsdns-00.net."
            ],
            "tags": null,
            "vpc": [
              {
                "vpc_id": "vpc-0bbba37dc98615eb2",
                "vpc_region": "eu-west-1"
              }
            ],
            "vpc_id": null,
            "vpc_region": null,
            "zone_id": "Z0540993BINVAJU87W0P"
          },
          "private": "bnVsbA==",
          "dependencies": [
            "aws_vpc.main"
          ]
        }
      ]
    },
    {
      "mode": "managed",
      "type": "aws_s3_bucket",
      "name": "bmybucket",
      "provider": "provider.aws",
      "instances": [
        {
          "schema_version": 0,
          "attributes": {
            "acceleration_status": "",
            "acl": "private",
            "arn": "arn:aws:s3:::bmybucket",
            "bucket": "bmybucket",
            "bucket_domain_name": "bmybucket.s3.amazonaws.com",
            "bucket_prefix": null,
            "bucket_regional_domain_name": "bmybucket.s3.eu-west-1.amazonaws.com",
            "cors_rule": [],
            "force_destroy": false,
            "grant": [
              {
                "id": "",
                "permissions": [
                  "READ",
                  "WRITE"
                ],
                "type": "Group",
                "uri": "http://acs.amazonaws.com/groups/s3/LogDelivery"
              },
              {
                "id": "cb82a963afa81167466d45a588570f8659d32dc42bccd36dba523280a2799bf4",
                "permissions": [
                  "FULL_CONTROL"
                ],
                "type": "CanonicalUser",
                "uri": ""
              }
            ],
            "hosted_zone_id": "Z1BKCTXD74EZPE",
            "id": "bmybucket",
            "lifecycle_rule": [],
            "logging": [],
            "object_lock_configuration": [],
            "policy": null,
            "region": "eu-west-1",
            "replication_configuration": [],
            "request_payer": "BucketOwner",
            "server_side_encryption_configuration": [],
            "tags": {
              "Name": "My bucket"
            },
            "versioning": [
              {
                "enabled": false,
                "mfa_delete": false
              }
            ],
            "website": [],
            "website_domain": null,
            "website_endpoint": null
          },
          "private": "bnVsbA=="
        }
      ]
    },
    {
      "mode": "managed",
      "type": "aws_s3_bucket",
      "name": "mademoizelle",
      "provider": "provider.aws",
      "instances": [
        {
          "schema_version": 0,
          "attributes": {
            "acceleration_status": "",
            "acl": "private",
            "arn": "arn:aws:s3:::mademoizelle-bucket",
            "bucket": "mademoizelle-bucket",
            "bucket_domain_name": "mademoizelle-bucket.s3.amazonaws.com",
            "bucket_prefix": null,
            "bucket_regional_domain_name": "mademoizelle-bucket.s3.eu-west-1.amazonaws.com",
            "cors_rule": [],
            "force_destroy": false,
            "grant": [],
            "hosted_zone_id": "Z1BKCTXD74EZPE",
            "id": "mademoizelle-bucket",
            "lifecycle_rule": [],
            "logging": [],
            "object_lock_configuration": [],
            "policy": "{\"Id\":\"Policy\",\"Statement\":[{\"Action\":\"s3:PutObject\",\"Effect\":\"Allow\",\"Principal\":{\"AWS\":\"arn:aws:iam::156460612806:root\"},\"Resource\":\"arn:aws:s3:::mademoizelle-bucket/AWSLogs/*\"}],\"Version\":\"2012-10-17\"}",
            "region": "eu-west-1",
            "replication_configuration": [],
            "request_payer": "BucketOwner",
            "server_side_encryption_configuration": [],
            "tags": {
              "Environment": "Prod",
              "Name": "Mademoizelle Bucket"
            },
            "versioning": [
              {
                "enabled": false,
                "mfa_delete": false
              }
            ],
            "website": [],
            "website_domain": null,
            "website_endpoint": null
          },
          "private": "bnVsbA=="
        }
      ]
    },
    {
      "mode": "managed",
      "type": "aws_security_group",
      "name": "memcached",
      "provider": "provider.aws",
      "instances": [
        {
          "schema_version": 1,
          "attributes": {
            "arn": "arn:aws:ec2:eu-west-1:351524542746:security-group/sg-01a5a4d3f5e0ebb1a",
            "description": "Permettre connextion memcached",
            "egress": [
              {
                "cidr_blocks": [
                  "0.0.0.0/0"
                ],
                "description": "",
                "from_port": 0,
                "ipv6_cidr_blocks": [],
                "prefix_list_ids": [],
                "protocol": "-1",
                "security_groups": [],
                "self": false,
                "to_port": 0
              }
            ],
            "id": "sg-01a5a4d3f5e0ebb1a",
            "ingress": [
              {
                "cidr_blocks": [
                  "0.0.0.0/0"
                ],
                "description": "",
                "from_port": 11211,
                "ipv6_cidr_blocks": [],
                "prefix_list_ids": [],
                "protocol": "tcp",
                "security_groups": [],
                "self": false,
                "to_port": 11211
              }
            ],
            "name": "memcached",
            "name_prefix": null,
            "owner_id": "351524542746",
            "revoke_rules_on_delete": false,
            "tags": null,
            "timeouts": null,
            "vpc_id": "vpc-0bbba37dc98615eb2"
          },
          "private": "eyJlMmJmYjczMC1lY2FhLTExZTYtOGY4OC0zNDM2M2JjN2M0YzAiOnsiY3JlYXRlIjo2MDAwMDAwMDAwMDAsImRlbGV0ZSI6NjAwMDAwMDAwMDAwfSwic2NoZW1hX3ZlcnNpb24iOiIxIn0=",
          "dependencies": [
            "aws_vpc.main"
          ]
        }
      ]
    },
    {
      "mode": "managed",
      "type": "aws_security_group",
      "name": "sg_elb",
      "provider": "provider.aws",
      "instances": [
        {
          "schema_version": 1,
          "attributes": {
            "arn": "arn:aws:ec2:eu-west-1:351524542746:security-group/sg-03883775fdb72b962",
            "description": "Managed by Terraform",
            "egress": [
              {
                "cidr_blocks": [
                  "0.0.0.0/0"
                ],
                "description": "",
                "from_port": 0,
                "ipv6_cidr_blocks": [],
                "prefix_list_ids": [],
                "protocol": "-1",
                "security_groups": [],
                "self": false,
                "to_port": 0
              }
            ],
            "id": "sg-03883775fdb72b962",
            "ingress": [
              {
                "cidr_blocks": [
                  "0.0.0.0/0"
                ],
                "description": "",
                "from_port": 0,
                "ipv6_cidr_blocks": [],
                "prefix_list_ids": [],
                "protocol": "icmp",
                "security_groups": [],
                "self": false,
                "to_port": 0
              },
              {
                "cidr_blocks": [
                  "0.0.0.0/0"
                ],
                "description": "",
                "from_port": 80,
                "ipv6_cidr_blocks": [],
                "prefix_list_ids": [],
                "protocol": "tcp",
                "security_groups": [],
                "self": false,
                "to_port": 80
              }
            ],
            "name": "sg_elb",
            "name_prefix": null,
            "owner_id": "351524542746",
            "revoke_rules_on_delete": false,
            "tags": null,
            "timeouts": null,
            "vpc_id": "vpc-0bbba37dc98615eb2"
          },
          "private": "eyJlMmJmYjczMC1lY2FhLTExZTYtOGY4OC0zNDM2M2JjN2M0YzAiOnsiY3JlYXRlIjo2MDAwMDAwMDAwMDAsImRlbGV0ZSI6NjAwMDAwMDAwMDAwfSwic2NoZW1hX3ZlcnNpb24iOiIxIn0=",
          "dependencies": [
            "aws_vpc.main"
          ]
        }
      ]
    },
    {
      "mode": "managed",
      "type": "aws_security_group",
      "name": "sg_rds",
      "provider": "provider.aws",
      "instances": [
        {
          "schema_version": 1,
          "attributes": {
            "arn": "arn:aws:ec2:eu-west-1:351524542746:security-group/sg-0eb9309116e921a23",
            "description": "Managed by Terraform",
            "egress": [
              {
                "cidr_blocks": [
                  "0.0.0.0/0"
                ],
                "description": "",
                "from_port": 0,
                "ipv6_cidr_blocks": [],
                "prefix_list_ids": [],
                "protocol": "-1",
                "security_groups": [],
                "self": false,
                "to_port": 0
              }
            ],
            "id": "sg-0eb9309116e921a23",
            "ingress": [
              {
                "cidr_blocks": [
                  "10.0.104.0/24"
                ],
                "description": "",
                "from_port": 3306,
                "ipv6_cidr_blocks": [],
                "prefix_list_ids": [],
                "protocol": "tcp",
                "security_groups": [],
                "self": false,
                "to_port": 3306
              }
            ],
            "name": "sg_rds",
            "name_prefix": null,
            "owner_id": "351524542746",
            "revoke_rules_on_delete": false,
            "tags": null,
            "timeouts": null,
            "vpc_id": "vpc-0bbba37dc98615eb2"
          },
          "private": "eyJlMmJmYjczMC1lY2FhLTExZTYtOGY4OC0zNDM2M2JjN2M0YzAiOnsiY3JlYXRlIjo2MDAwMDAwMDAwMDAsImRlbGV0ZSI6NjAwMDAwMDAwMDAwfSwic2NoZW1hX3ZlcnNpb24iOiIxIn0=",
          "dependencies": [
            "aws_subnet.private_subnet_d",
            "aws_vpc.main"
          ]
        }
      ]
    },
    {
      "mode": "managed",
      "type": "aws_security_group",
      "name": "sg_ssh",
      "provider": "provider.aws",
      "instances": [
        {
          "schema_version": 1,
          "attributes": {
            "arn": "arn:aws:ec2:eu-west-1:351524542746:security-group/sg-09cc5c9864702ffb9",
            "description": "Permettre le SSH depuis mon IP",
            "egress": [
              {
                "cidr_blocks": [
                  "0.0.0.0/0"
                ],
                "description": "",
                "from_port": 0,
                "ipv6_cidr_blocks": [],
                "prefix_list_ids": [],
                "protocol": "-1",
                "security_groups": [],
                "self": false,
                "to_port": 0
              }
            ],
            "id": "sg-09cc5c9864702ffb9",
            "ingress": [
              {
                "cidr_blocks": [
                  "83.79.158.0/24"
                ],
                "description": "",
                "from_port": 22,
                "ipv6_cidr_blocks": [],
                "prefix_list_ids": [],
                "protocol": "tcp",
                "security_groups": [],
                "self": false,
                "to_port": 22
              }
            ],
            "name": "sg_ssh",
            "name_prefix": null,
            "owner_id": "351524542746",
            "revoke_rules_on_delete": false,
            "tags": null,
            "timeouts": null,
            "vpc_id": "vpc-0bbba37dc98615eb2"
          },
          "private": "eyJlMmJmYjczMC1lY2FhLTExZTYtOGY4OC0zNDM2M2JjN2M0YzAiOnsiY3JlYXRlIjo2MDAwMDAwMDAwMDAsImRlbGV0ZSI6NjAwMDAwMDAwMDAwfSwic2NoZW1hX3ZlcnNpb24iOiIxIn0=",
          "dependencies": [
            "aws_vpc.main"
          ]
        }
      ]
    },
    {
      "mode": "managed",
      "type": "aws_security_group",
      "name": "wordpress",
      "provider": "provider.aws",
      "instances": [
        {
          "schema_version": 1,
          "attributes": {
            "arn": "arn:aws:ec2:eu-west-1:351524542746:security-group/sg-03f4669899633428d",
            "description": "Allow incoming HTTP connections.",
            "egress": [
              {
                "cidr_blocks": [
                  "0.0.0.0/0"
                ],
                "description": "",
                "from_port": 0,
                "ipv6_cidr_blocks": [],
                "prefix_list_ids": [],
                "protocol": "-1",
                "security_groups": [],
                "self": false,
                "to_port": 0
              }
            ],
            "id": "sg-03f4669899633428d",
            "ingress": [
              {
                "cidr_blocks": [
                  "0.0.0.0/0"
                ],
                "description": "",
                "from_port": 443,
                "ipv6_cidr_blocks": [],
                "prefix_list_ids": [],
                "protocol": "tcp",
                "security_groups": [],
                "self": false,
                "to_port": 443
              },
              {
                "cidr_blocks": [
                  "0.0.0.0/0"
                ],
                "description": "",
                "from_port": 80,
                "ipv6_cidr_blocks": [],
                "prefix_list_ids": [],
                "protocol": "tcp",
                "security_groups": [],
                "self": false,
                "to_port": 80
              }
            ],
            "name": "vpc_web",
            "name_prefix": null,
            "owner_id": "351524542746",
            "revoke_rules_on_delete": false,
            "tags": null,
            "timeouts": null,
            "vpc_id": "vpc-0bbba37dc98615eb2"
          },
          "private": "eyJlMmJmYjczMC1lY2FhLTExZTYtOGY4OC0zNDM2M2JjN2M0YzAiOnsiY3JlYXRlIjo2MDAwMDAwMDAwMDAsImRlbGV0ZSI6NjAwMDAwMDAwMDAwfSwic2NoZW1hX3ZlcnNpb24iOiIxIn0=",
          "dependencies": [
            "aws_vpc.main"
          ]
        }
      ]
    },
    {
      "mode": "managed",
      "type": "aws_subnet",
      "name": "private_subnet_a",
      "provider": "provider.aws",
      "instances": [
        {
          "schema_version": 1,
          "attributes": {
            "arn": "arn:aws:ec2:eu-west-1:351524542746:subnet/subnet-016c8bdab67e8dfa8",
            "assign_ipv6_address_on_creation": false,
            "availability_zone": "eu-west-1c",
            "availability_zone_id": "euw1-az2",
            "cidr_block": "10.0.101.0/24",
            "id": "subnet-016c8bdab67e8dfa8",
            "ipv6_cidr_block": "",
            "ipv6_cidr_block_association_id": "",
            "map_public_ip_on_launch": false,
            "outpost_arn": "",
            "owner_id": "351524542746",
            "tags": {
              "Name": "private_subnet_a"
            },
            "timeouts": null,
            "vpc_id": "vpc-0bbba37dc98615eb2"
          },
          "private": "eyJlMmJmYjczMC1lY2FhLTExZTYtOGY4OC0zNDM2M2JjN2M0YzAiOnsiY3JlYXRlIjo2MDAwMDAwMDAwMDAsImRlbGV0ZSI6MTIwMDAwMDAwMDAwMH0sInNjaGVtYV92ZXJzaW9uIjoiMSJ9",
          "dependencies": [
            "aws_vpc.main"
          ]
        }
      ]
    },
    {
      "mode": "managed",
      "type": "aws_subnet",
      "name": "private_subnet_b",
      "provider": "provider.aws",
      "instances": [
        {
          "schema_version": 1,
          "attributes": {
            "arn": "arn:aws:ec2:eu-west-1:351524542746:subnet/subnet-02190e35e3726b0b2",
            "assign_ipv6_address_on_creation": false,
            "availability_zone": "eu-west-1a",
            "availability_zone_id": "euw1-az3",
            "cidr_block": "10.0.102.0/24",
            "id": "subnet-02190e35e3726b0b2",
            "ipv6_cidr_block": "",
            "ipv6_cidr_block_association_id": "",
            "map_public_ip_on_launch": false,
            "outpost_arn": "",
            "owner_id": "351524542746",
            "tags": {
              "Name": "private_subnet_b"
            },
            "timeouts": null,
            "vpc_id": "vpc-0bbba37dc98615eb2"
          },
          "private": "eyJlMmJmYjczMC1lY2FhLTExZTYtOGY4OC0zNDM2M2JjN2M0YzAiOnsiY3JlYXRlIjo2MDAwMDAwMDAwMDAsImRlbGV0ZSI6MTIwMDAwMDAwMDAwMH0sInNjaGVtYV92ZXJzaW9uIjoiMSJ9",
          "dependencies": [
            "aws_vpc.main"
          ]
        }
      ]
    },
    {
      "mode": "managed",
      "type": "aws_subnet",
      "name": "private_subnet_c",
      "provider": "provider.aws",
      "instances": [
        {
          "schema_version": 1,
          "attributes": {
            "arn": "arn:aws:ec2:eu-west-1:351524542746:subnet/subnet-0ee5c916bbda194c4",
            "assign_ipv6_address_on_creation": false,
            "availability_zone": "eu-west-1b",
            "availability_zone_id": "euw1-az1",
            "cidr_block": "10.0.103.0/24",
            "id": "subnet-0ee5c916bbda194c4",
            "ipv6_cidr_block": "",
            "ipv6_cidr_block_association_id": "",
            "map_public_ip_on_launch": false,
            "outpost_arn": "",
            "owner_id": "351524542746",
            "tags": {
              "Name": "private_subnet_c"
            },
            "timeouts": null,
            "vpc_id": "vpc-0bbba37dc98615eb2"
          },
          "private": "eyJlMmJmYjczMC1lY2FhLTExZTYtOGY4OC0zNDM2M2JjN2M0YzAiOnsiY3JlYXRlIjo2MDAwMDAwMDAwMDAsImRlbGV0ZSI6MTIwMDAwMDAwMDAwMH0sInNjaGVtYV92ZXJzaW9uIjoiMSJ9",
          "dependencies": [
            "aws_vpc.main"
          ]
        }
      ]
    },
    {
      "mode": "managed",
      "type": "aws_subnet",
      "name": "private_subnet_d",
      "provider": "provider.aws",
      "instances": [
        {
          "schema_version": 1,
          "attributes": {
            "arn": "arn:aws:ec2:eu-west-1:351524542746:subnet/subnet-0ebcdcfa65b47e8b6",
            "assign_ipv6_address_on_creation": false,
            "availability_zone": "eu-west-1c",
            "availability_zone_id": "euw1-az2",
            "cidr_block": "10.0.104.0/24",
            "id": "subnet-0ebcdcfa65b47e8b6",
            "ipv6_cidr_block": "",
            "ipv6_cidr_block_association_id": "",
            "map_public_ip_on_launch": false,
            "outpost_arn": "",
            "owner_id": "351524542746",
            "tags": {
              "Name": "private_subnet_d"
            },
            "timeouts": null,
            "vpc_id": "vpc-0bbba37dc98615eb2"
          },
          "private": "eyJlMmJmYjczMC1lY2FhLTExZTYtOGY4OC0zNDM2M2JjN2M0YzAiOnsiY3JlYXRlIjo2MDAwMDAwMDAwMDAsImRlbGV0ZSI6MTIwMDAwMDAwMDAwMH0sInNjaGVtYV92ZXJzaW9uIjoiMSJ9",
          "dependencies": [
            "aws_vpc.main"
          ]
        }
      ]
    },
    {
      "mode": "managed",
      "type": "aws_vpc",
      "name": "main",
      "provider": "provider.aws",
      "instances": [
        {
          "schema_version": 1,
          "attributes": {
            "arn": "arn:aws:ec2:eu-west-1:351524542746:vpc/vpc-0bbba37dc98615eb2",
            "assign_generated_ipv6_cidr_block": false,
            "cidr_block": "10.0.0.0/16",
            "default_network_acl_id": "acl-005a9aea909f36575",
            "default_route_table_id": "rtb-0ff0d52251376adab",
            "default_security_group_id": "sg-011b875050f979718",
            "dhcp_options_id": "dopt-f391b395",
            "enable_classiclink": false,
            "enable_classiclink_dns_support": false,
            "enable_dns_hostnames": true,
            "enable_dns_support": true,
            "id": "vpc-0bbba37dc98615eb2",
            "instance_tenancy": "default",
            "ipv6_association_id": "",
            "ipv6_cidr_block": "",
            "main_route_table_id": "rtb-0ff0d52251376adab",
            "owner_id": "351524542746",
            "tags": {
              "Name": "main"
            }
          },
          "private": "eyJzY2hlbWFfdmVyc2lvbiI6IjEifQ=="
        }
      ]
    }
  ]
}
